
Microsoft Visual Studio Solution File, Format Version 12.00
# Visual Studio Version 17
VisualStudioVersion = 17.4.33110.190
MinimumVisualStudioVersion = 10.0.40219.1
Project("{FAE04EC0-301F-11D3-BF4B-00C04F79EFBC}") = "MvcCartCacheRedis", "MvcCartCacheRedis\MvcCartCacheRedis.csproj", "{93049FCC-305C-4620-974D-711BAE33191B}"
EndProject
Global
	GlobalSection(SolutionConfigurationPlatforms) = preSolution
		Debug|Any CPU = Debug|Any CPU
		Release|Any CPU = Release|Any CPU
	EndGlobalSection
	GlobalSection(ProjectConfigurationPlatforms) = postSolution
		{93049FCC-305C-4620-974D-711BAE33191B}.Debug|Any CPU.ActiveCfg = Debug|Any CPU
		{93049FCC-305C-4620-974D-711BAE33191B}.Debug|Any CPU.Build.0 = Debug|Any CPU
		{93049FCC-305C-4620-974D-711BAE33191B}.Release|Any CPU.ActiveCfg = Release|Any CPU
		{93049FCC-305C-4620-974D-711BAE33191B}.Release|Any CPU.Build.0 = Release|Any CPU
	EndGlobalSection
	GlobalSection(SolutionProperties) = preSolution
		HideSolutionNode = FALSE
	EndGlobalSection
	GlobalSection(ExtensibilityGlobals) = postSolution
		SolutionGuid = {80E15477-A16E-41C3-B7FE-D539B6BDFFAC}
	EndGlobalSection
EndGlobal
